
Microsoft Visual Studio Solution File, Format Version 12.00
# Visual Studio Version 16
VisualStudioVersion = 16.0.29926.136
MinimumVisualStudioVersion = 10.0.40219.1
Project("{FAE04EC0-301F-11D3-BF4B-00C04F79EFBC}") = "Adapter_Tasarım_Deseni__Vize_Bahce", "Adapter_Tasarım_Deseni__Vize_Bahce.csproj", "{4F6D3022-8D68-477B-B800-D824EB2F561D}"
EndProject
Global
	GlobalSection(SolutionConfigurationPlatforms) = preSolution
		Debug|Any CPU = Debug|Any CPU
		Release|Any CPU = Release|Any CPU
	EndGlobalSection
	GlobalSection(ProjectConfigurationPlatforms) = postSolution
		{4F6D3022-8D68-477B-B800-D824EB2F561D}.Debug|Any CPU.ActiveCfg = Debug|Any CPU
		{4F6D3022-8D68-477B-B800-D824EB2F561D}.Debug|Any CPU.Build.0 = Debug|Any CPU
		{4F6D3022-8D68-477B-B800-D824EB2F561D}.Release|Any CPU.ActiveCfg = Release|Any CPU
		{4F6D3022-8D68-477B-B800-D824EB2F561D}.Release|Any CPU.Build.0 = Release|Any CPU
	EndGlobalSection
	GlobalSection(SolutionProperties) = preSolution
		HideSolutionNode = FALSE
	EndGlobalSection
	GlobalSection(ExtensibilityGlobals) = postSolution
		SolutionGuid = {64171DEA-A63B-470A-A8ED-A110106DD567}
	EndGlobalSection
EndGlobal
